// !$*UTF8*$!
{
	archiveVersion = 1;
	classes = {
	};
	objectVersion = 50;
	objects = {

/* Begin PBXBuildFile section */
		E00A748F215FFE970056EC40 /* AppDelegate.swift in Sources */ = {isa = PBXBuildFile; fileRef = E00A748E215FFE970056EC40 /* AppDelegate.swift */; };
		E00A7491215FFE970056EC40 /* GameScene.sks in Resources */ = {isa = PBXBuildFile; fileRef = E00A7490215FFE970056EC40 /* GameScene.sks */; };
		E00A7493215FFE970056EC40 /* Actions.sks in Resources */ = {isa = PBXBuildFile; fileRef = E00A7492215FFE970056EC40 /* Actions.sks */; };
		E00A7495215FFE970056EC40 /* GameScene.swift in Sources */ = {isa = PBXBuildFile; fileRef = E00A7494215FFE970056EC40 /* GameScene.swift */; };
		E00A7497215FFE970056EC40 /* GameViewController.swift in Sources */ = {isa = PBXBuildFile; fileRef = E00A7496215FFE970056EC40 /* GameViewController.swift */; };
		E00A749A215FFE970056EC40 /* Main.storyboard in Resources */ = {isa = PBXBuildFile; fileRef = E00A7498215FFE970056EC40 /* Main.storyboard */; };
		E00A749C215FFE990056EC40 /* Assets.xcassets in Resources */ = {isa = PBXBuildFile; fileRef = E00A749B215FFE990056EC40 /* Assets.xcassets */; };
		E00A749F215FFE990056EC40 /* LaunchScreen.storyboard in Resources */ = {isa = PBXBuildFile; fileRef = E00A749D215FFE990056EC40 /* LaunchScreen.storyboard */; };
		E00A74AA215FFE990056EC40 /* LaserHockeyTests.swift in Sources */ = {isa = PBXBuildFile; fileRef = E00A74A9215FFE990056EC40 /* LaserHockeyTests.swift */; };
		E00A74B5215FFE990056EC40 /* LaserHockeyUITests.swift in Sources */ = {isa = PBXBuildFile; fileRef = E00A74B4215FFE990056EC40 /* LaserHockeyUITests.swift */; };
/* End PBXBuildFile section */

/* Begin PBXContainerItemProxy section */
		E00A74A6215FFE990056EC40 /* PBXContainerItemProxy */ = {
			isa = PBXContainerItemProxy;
			containerPortal = E00A7483215FFE970056EC40 /* Project object */;
			proxyType = 1;
			remoteGlobalIDString = E00A748A215FFE970056EC40;
			remoteInfo = LaserHockey;
		};
		E00A74B1215FFE990056EC40 /* PBXContainerItemProxy */ = {
			isa = PBXContainerItemProxy;
			containerPortal = E00A7483215FFE970056EC40 /* Project object */;
			proxyType = 1;
			remoteGlobalIDString = E00A748A215FFE970056EC40;
			remoteInfo = LaserHockey;
		};
/* End PBXContainerItemProxy section */

/* Begin PBXFileReference section */
		E00A748B215FFE970056EC40 /* LaserHockey.app */ = {isa = PBXFileReference; explicitFileType = wrapper.application; includeInIndex = 0; path = LaserHockey.app; sourceTree = BUILT_PRODUCTS_DIR; };
		E00A748E215FFE970056EC40 /* AppDelegate.swift */ = {isa = PBXFileReference; lastKnownFileType = sourcecode.swift; path = AppDelegate.swift; sourceTree = "<group>"; };
		E00A7490215FFE970056EC40 /* GameScene.sks */ = {isa = PBXFileReference; lastKnownFileType = file.sks; path = GameScene.sks; sourceTree = "<group>"; };
		E00A7492215FFE970056EC40 /* Actions.sks */ = {isa = PBXFileReference; lastKnownFileType = file.sks; path = Actions.sks; sourceTree = "<group>"; };
		E00A7494215FFE970056EC40 /* GameScene.swift */ = {isa = PBXFileReference; lastKnownFileType = sourcecode.swift; path = GameScene.swift; sourceTree = "<group>"; };
		E00A7496215FFE970056EC40 /* GameViewController.swift */ = {isa = PBXFileReference; lastKnownFileType = sourcecode.swift; path = GameViewController.swift; sourceTree = "<group>"; };
		E00A7499215FFE970056EC40 /* Base */ = {isa = PBXFileReference; lastKnownFileType = file.storyboard; name = Base; path = Base.lproj/Main.storyboard; sourceTree = "<group>"; };
		E00A749B215FFE990056EC40 /* Assets.xcassets */ = {isa = PBXFileReference; lastKnownFileType = folder.assetcatalog; path = Assets.xcassets; sourceTree = "<group>"; };
		E00A749E215FFE990056EC40 /* Base */ = {isa = PBXFileReference; lastKnownFileType = file.storyboard; name = Base; path = Base.lproj/LaunchScreen.storyboard; sourceTree = "<group>"; };
		E00A74A0215FFE990056EC40 /* Info.plist */ = {isa = PBXFileReference; lastKnownFileType = text.plist.xml; path = Info.plist; sourceTree = "<group>"; };
		E00A74A5215FFE990056EC40 /* LaserHockeyTests.xctest */ = {isa = PBXFileReference; explicitFileType = wrapper.cfbundle; includeInIndex = 0; path = LaserHockeyTests.xctest; sourceTree = BUILT_PRODUCTS_DIR; };
		E00A74A9215FFE990056EC40 /* LaserHockeyTests.swift */ = {isa = PBXFileReference; lastKnownFileType = sourcecode.swift; path = LaserHockeyTests.swift; sourceTree = "<group>"; };
		E00A74AB215FFE990056EC40 /* Info.plist */ = {isa = PBXFileReference; lastKnownFileType = text.plist.xml; path = Info.plist; sourceTree = "<group>"; };
		E00A74B0215FFE990056EC40 /* LaserHockeyUITests.xctest */ = {isa = PBXFileReference; explicitFileType = wrapper.cfbundle; includeInIndex = 0; path = LaserHockeyUITests.xctest; sourceTree = BUILT_PRODUCTS_DIR; };
		E00A74B4215FFE990056EC40 /* LaserHockeyUITests.swift */ = {isa = PBXFileReference; lastKnownFileType = sourcecode.swift; path = LaserHockeyUITests.swift; sourceTree = "<group>"; };
		E00A74B6215FFE990056EC40 /* Info.plist */ = {isa = PBXFileReference; lastKnownFileType = text.plist.xml; path = Info.plist; sourceTree = "<group>"; };
/* End PBXFileReference section */

/* Begin PBXFrameworksBuildPhase section */
		E00A7488215FFE970056EC40 /* Frameworks */ = {
			isa = PBXFrameworksBuildPhase;
			buildActionMask = 2147483647;
			files = (
			);
			runOnlyForDeploymentPostprocessing = 0;
		};
		E00A74A2215FFE990056EC40 /* Frameworks */ = {
			isa = PBXFrameworksBuildPhase;
			buildActionMask = 2147483647;
			files = (
			);
			runOnlyForDeploymentPostprocessing = 0;
		};
		E00A74AD215FFE990056EC40 /* Frameworks */ = {
			isa = PBXFrameworksBuildPhase;
			buildActionMask = 2147483647;
			files = (
			);
			runOnlyForDeploymentPostprocessing = 0;
		};
/* End PBXFrameworksBuildPhase section */

/* Begin PBXGroup section */
		E00A7482215FFE970056EC40 = {
			isa = PBXGroup;
			children = (
				E00A748D215FFE970056EC40 /* LaserHockey */,
				E00A74A8215FFE990056EC40 /* LaserHockeyTests */,
				E00A74B3215FFE990056EC40 /* LaserHockeyUITests */,
				E00A748C215FFE970056EC40 /* Products */,
			);
			sourceTree = "<group>";
		};
		E00A748C215FFE970056EC40 /* Products */ = {
			isa = PBXGroup;
			children = (
				E00A748B215FFE970056EC40 /* LaserHockey.app */,
				E00A74A5215FFE990056EC40 /* LaserHockeyTests.xctest */,
				E00A74B0215FFE990056EC40 /* LaserHockeyUITests.xctest */,
			);
			name = Products;
			sourceTree = "<group>";
		};
		E00A748D215FFE970056EC40 /* LaserHockey */ = {
			isa = PBXGroup;
			children = (
				E00A748E215FFE970056EC40 /* AppDelegate.swift */,
				E00A7490215FFE970056EC40 /* GameScene.sks */,
				E00A7492215FFE970056EC40 /* Actions.sks */,
				E00A7494215FFE970056EC40 /* GameScene.swift */,
				E00A7496215FFE970056EC40 /* GameViewController.swift */,
				E00A7498215FFE970056EC40 /* Main.storyboard */,
				E00A749B215FFE990056EC40 /* Assets.xcassets */,
				E00A749D215FFE990056EC40 /* LaunchScreen.storyboard */,
				E00A74A0215FFE990056EC40 /* Info.plist */,
			);
			path = LaserHockey;
			sourceTree = "<group>";
		};
		E00A74A8215FFE990056EC40 /* LaserHockeyTests */ = {
			isa = PBXGroup;
			children = (
				E00A74A9215FFE990056EC40 /* LaserHockeyTests.swift */,
				E00A74AB215FFE990056EC40 /* Info.plist */,
			);
			path = LaserHockeyTests;
			sourceTree = "<group>";
		};
		E00A74B3215FFE990056EC40 /* LaserHockeyUITests */ = {
			isa = PBXGroup;
			children = (
				E00A74B4215FFE990056EC40 /* LaserHockeyUITests.swift */,
				E00A74B6215FFE990056EC40 /* Info.plist */,
			);
			path = LaserHockeyUITests;
			sourceTree = "<group>";
		};
/* End PBXGroup section */

/* Begin PBXNativeTarget section */
		E00A748A215FFE970056EC40 /* LaserHockey */ = {
			isa = PBXNativeTarget;
			buildConfigurationList = E00A74B9215FFE990056EC40 /* Build configuration list for PBXNativeTarget "LaserHockey" */;
			buildPhases = (
				E00A7487215FFE970056EC40 /* Sources */,
				E00A7488215FFE970056EC40 /* Frameworks */,
				E00A7489215FFE970056EC40 /* Resources */,
			);
			buildRules = (
			);
			dependencies = (
			);
			name = LaserHockey;
			productName = LaserHockey;
			productReference = E00A748B215FFE970056EC40 /* LaserHockey.app */;
			productType = "com.apple.product-type.application";
		};
		E00A74A4215FFE990056EC40 /* LaserHockeyTests */ = {
			isa = PBXNativeTarget;
			buildConfigurationList = E00A74BC215FFE990056EC40 /* Build configuration list for PBXNativeTarget "LaserHockeyTests" */;
			buildPhases = (
				E00A74A1215FFE990056EC40 /* Sources */,
				E00A74A2215FFE990056EC40 /* Frameworks */,
				E00A74A3215FFE990056EC40 /* Resources */,
			);
			buildRules = (
			);
			dependencies = (
				E00A74A7215FFE990056EC40 /* PBXTargetDependency */,
			);
			name = LaserHockeyTests;
			productName = LaserHockeyTests;
			productReference = E00A74A5215FFE990056EC40 /* LaserHockeyTests.xctest */;
			productType = "com.apple.product-type.bundle.unit-test";
		};
		E00A74AF215FFE990056EC40 /* LaserHockeyUITests */ = {
			isa = PBXNativeTarget;
			buildConfigurationList = E00A74BF215FFE990056EC40 /* Build configuration list for PBXNativeTarget "LaserHockeyUITests" */;
			buildPhases = (
				E00A74AC215FFE990056EC40 /* Sources */,
				E00A74AD215FFE990056EC40 /* Frameworks */,
				E00A74AE215FFE990056EC40 /* Resources */,
			);
			buildRules = (
			);
			dependencies = (
				E00A74B2215FFE990056EC40 /* PBXTargetDependency */,
			);
			name = LaserHockeyUITests;
			productName = LaserHockeyUITests;
			productReference = E00A74B0215FFE990056EC40 /* LaserHockeyUITests.xctest */;
			productType = "com.apple.product-type.bundle.ui-testing";
		};
/* End PBXNativeTarget section */

/* Begin PBXProject section */
		E00A7483215FFE970056EC40 /* Project object */ = {
			isa = PBXProject;
			attributes = {
				LastSwiftUpdateCheck = 1000;
				LastUpgradeCheck = 1000;
				ORGANIZATIONNAME = "Bill Wu";
				TargetAttributes = {
					E00A748A215FFE970056EC40 = {
						CreatedOnToolsVersion = 10.0;
					};
					E00A74A4215FFE990056EC40 = {
						CreatedOnToolsVersion = 10.0;
						TestTargetID = E00A748A215FFE970056EC40;
					};
					E00A74AF215FFE990056EC40 = {
						CreatedOnToolsVersion = 10.0;
						TestTargetID = E00A748A215FFE970056EC40;
					};
				};
			};
			buildConfigurationList = E00A7486215FFE970056EC40 /* Build configuration list for PBXProject "LaserHockey" */;
			compatibilityVersion = "Xcode 9.3";
			developmentRegion = en;
			hasScannedForEncodings = 0;
			knownRegions = (
				en,
				Base,
			);
			mainGroup = E00A7482215FFE970056EC40;
			productRefGroup = E00A748C215FFE970056EC40 /* Products */;
			projectDirPath = "";
			projectRoot = "";
			targets = (
				E00A748A215FFE970056EC40 /* LaserHockey */,
				E00A74A4215FFE990056EC40 /* LaserHockeyTests */,
				E00A74AF215FFE990056EC40 /* LaserHockeyUITests */,
			);
		};
/* End PBXProject section */

/* Begin PBXResourcesBuildPhase section */
		E00A7489215FFE970056EC40 /* Resources */ = {
			isa = PBXResourcesBuildPhase;
			buildActionMask = 2147483647;
			files = (
				E00A749A215FFE970056EC40 /* Main.storyboard in Resources */,
				E00A7491215FFE970056EC40 /* GameScene.sks in Resources */,
				E00A749C215FFE990056EC40 /* Assets.xcassets in Resources */,
				E00A749F215FFE990056EC40 /* LaunchScreen.storyboard in Resources */,
				E00A7493215FFE970056EC40 /* Actions.sks in Resources */,
			);
			runOnlyForDeploymentPostprocessing = 0;
		};
		E00A74A3215FFE990056EC40 /* Resources */ = {
			isa = PBXResourcesBuildPhase;
			buildActionMask = 2147483647;
			files = (
			);
			runOnlyForDeploymentPostprocessing = 0;
		};
		E00A74AE215FFE990056EC40 /* Resources */ = {
			isa = PBXResourcesBuildPhase;
			buildActionMask = 2147483647;
			files = (
			);
			runOnlyForDeploymentPostprocessing = 0;
		};
/* End PBXResourcesBuildPhase section */

/* Begin PBXSourcesBuildPhase section */
		E00A7487215FFE970056EC40 /* Sources */ = {
			isa = PBXSourcesBuildPhase;
			buildActionMask = 2147483647;
			files = (
				E00A7495215FFE970056EC40 /* GameScene.swift in Sources */,
				E00A7497215FFE970056EC40 /* GameViewController.swift in Sources */,
				E00A748F215FFE970056EC40 /* AppDelegate.swift in Sources */,
			);
			runOnlyForDeploymentPostprocessing = 0;
		};
		E00A74A1215FFE990056EC40 /* Sources */ = {
			isa = PBXSourcesBuildPhase;
			buildActionMask = 2147483647;
			files = (
				E00A74AA215FFE990056EC40 /* LaserHockeyTests.swift in Sources */,
			);
			runOnlyForDeploymentPostprocessing = 0;
		};
		E00A74AC215FFE990056EC40 /* Sources */ = {
			isa = PBXSourcesBuildPhase;
			buildActionMask = 2147483647;
			files = (
				E00A74B5215FFE990056EC40 /* LaserHockeyUITests.swift in Sources */,
			);
			runOnlyForDeploymentPostprocessing = 0;
		};
/* End PBXSourcesBuildPhase section */

/* Begin PBXTargetDependency section */
		E00A74A7215FFE990056EC40 /* PBXTargetDependency */ = {
			isa = PBXTargetDependency;
			target = E00A748A215FFE970056EC40 /* LaserHockey */;
			targetProxy = E00A74A6215FFE990056EC40 /* PBXContainerItemProxy */;
		};
		E00A74B2215FFE990056EC40 /* PBXTargetDependency */ = {
			isa = PBXTargetDependency;
			target = E00A748A215FFE970056EC40 /* LaserHockey */;
			targetProxy = E00A74B1215FFE990056EC40 /* PBXContainerItemProxy */;
		};
/* End PBXTargetDependency section */

/* Begin PBXVariantGroup section */
		E00A7498215FFE970056EC40 /* Main.storyboard */ = {
			isa = PBXVariantGroup;
			children = (
				E00A7499215FFE970056EC40 /* Base */,
			);
			name = Main.storyboard;
			sourceTree = "<group>";
		};
		E00A749D215FFE990056EC40 /* LaunchScreen.storyboard */ = {
			isa = PBXVariantGroup;
			children = (
				E00A749E215FFE990056EC40 /* Base */,
			);
			name = LaunchScreen.storyboard;
			sourceTree = "<group>";
		};
/* End PBXVariantGroup section */

/* Begin XCBuildConfiguration section */
		E00A74B7215FFE990056EC40 /* Debug */ = {
			isa = XCBuildConfiguration;
			buildSettings = {
				ALWAYS_SEARCH_USER_PATHS = NO;
				CLANG_ANALYZER_NONNULL = YES;
				CLANG_ANALYZER_NUMBER_OBJECT_CONVERSION = YES_AGGRESSIVE;
				CLANG_CXX_LANGUAGE_STANDARD = "gnu++14";
				CLANG_CXX_LIBRARY = "libc++";
				CLANG_ENABLE_MODULES = YES;
				CLANG_ENABLE_OBJC_ARC = YES;
				CLANG_ENABLE_OBJC_WEAK = YES;
				CLANG_WARN_BLOCK_CAPTURE_AUTORELEASING = YES;
				CLANG_WARN_BOOL_CONVERSION = YES;
				CLANG_WARN_COMMA = YES;
				CLANG_WARN_CONSTANT_CONVERSION = YES;
				CLANG_WARN_DEPRECATED_OBJC_IMPLEMENTATIONS = YES;
				CLANG_WARN_DIRECT_OBJC_ISA_USAGE = YES_ERROR;
				CLANG_WARN_DOCUMENTATION_COMMENTS = YES;
				CLANG_WARN_EMPTY_BODY = YES;
				CLANG_WARN_ENUM_CONVERSION = YES;
				CLANG_WARN_INFINITE_RECURSION = YES;
				CLANG_WARN_INT_CONVERSION = YES;
				CLANG_WARN_NON_LITERAL_NULL_CONVERSION = YES;
				CLANG_WARN_OBJC_IMPLICIT_RETAIN_SELF = YES;
				CLANG_WARN_OBJC_LITERAL_CONVERSION = YES;
				CLANG_WARN_OBJC_ROOT_CLASS = YES_ERROR;
				CLANG_WARN_RANGE_LOOP_ANALYSIS = YES;
				CLANG_WARN_STRICT_PROTOTYPES = YES;
				CLANG_WARN_SUSPICIOUS_MOVE = YES;
				CLANG_WARN_UNGUARDED_AVAILABILITY = YES_AGGRESSIVE;
				CLANG_WARN_UNREACHABLE_CODE = YES;
				CLANG_WARN__DUPLICATE_METHOD_MATCH = YES;
				CODE_SIGN_IDENTITY = "iPhone Developer";
				COPY_PHASE_STRIP = NO;
				DEBUG_INFORMATION_FORMAT = dwarf;
				ENABLE_STRICT_OBJC_MSGSEND = YES;
				ENABLE_TESTABILITY = YES;
				GCC_C_LANGUAGE_STANDARD = gnu11;
				GCC_DYNAMIC_NO_PIC = NO;
				GCC_NO_COMMON_BLOCKS = YES;
				GCC_OPTIMIZATION_LEVEL = 0;
				GCC_PREPROCESSOR_DEFINITIONS = (
					"DEBUG=1",
					"$(inherited)",
				);
				GCC_WARN_64_TO_32_BIT_CONVERSION = YES;
				GCC_WARN_ABOUT_RETURN_TYPE = YES_ERROR;
				GCC_WARN_UNDECLARED_SELECTOR = YES;
				GCC_WARN_UNINITIALIZED_AUTOS = YES_AGGRESSIVE;
				GCC_WARN_UNUSED_FUNCTION = YES;
				GCC_WARN_UNUSED_VARIABLE = YES;
				IPHONEOS_DEPLOYMENT_TARGET = 12.0;
				MTL_ENABLE_DEBUG_INFO = INCLUDE_SOURCE;
				MTL_FAST_MATH = YES;
				ONLY_ACTIVE_ARCH = YES;
				SDKROOT = iphoneos;
				SWIFT_ACTIVE_COMPILATION_CONDITIONS = DEBUG;
				SWIFT_OPTIMIZATION_LEVEL = "-Onone";
			};
			name = Debug;
		};
		E00A74B8215FFE990056EC40 /* Release */ = {
			isa = XCBuildConfiguration;
			buildSettings = {
				ALWAYS_SEARCH_USER_PATHS = NO;
				CLANG_ANALYZER_NONNULL = YES;
				CLANG_ANALYZER_NUMBER_OBJECT_CONVERSION = YES_AGGRESSIVE;
				CLANG_CXX_LANGUAGE_STANDARD = "gnu++14";
				CLANG_CXX_LIBRARY = "libc++";
				CLANG_ENABLE_MODULES = YES;
				CLANG_ENABLE_OBJC_ARC = YES;
				CLANG_ENABLE_OBJC_WEAK = YES;
				CLANG_WARN_BLOCK_CAPTURE_AUTORELEASING = YES;
				CLANG_WARN_BOOL_CONVERSION = YES;
				CLANG_WARN_COMMA = YES;
				CLANG_WARN_CONSTANT_CONVERSION = YES;
				CLANG_WARN_DEPRECATED_OBJC_IMPLEMENTATIONS = YES;
				CLANG_WARN_DIRECT_OBJC_ISA_USAGE = YES_ERROR;
				CLANG_WARN_DOCUMENTATION_COMMENTS = YES;
				CLANG_WARN_EMPTY_BODY = YES;
				CLANG_WARN_ENUM_CONVERSION = YES;
				CLANG_WARN_INFINITE_RECURSION = YES;
				CLANG_WARN_INT_CONVERSION = YES;
				CLANG_WARN_NON_LITERAL_NULL_CONVERSION = YES;
				CLANG_WARN_OBJC_IMPLICIT_RETAIN_SELF = YES;
				CLANG_WARN_OBJC_LITERAL_CONVERSION = YES;
				CLANG_WARN_OBJC_ROOT_CLASS = YES_ERROR;
				CLANG_WARN_RANGE_LOOP_ANALYSIS = YES;
				CLANG_WARN_STRICT_PROTOTYPES = YES;
				CLANG_WARN_SUSPICIOUS_MOVE = YES;
				CLANG_WARN_UNGUARDED_AVAILABILITY = YES_AGGRESSIVE;
				CLANG_WARN_UNREACHABLE_CODE = YES;
				CLANG_WARN__DUPLICATE_METHOD_MATCH = YES;
				CODE_SIGN_IDENTITY = "iPhone Developer";
				COPY_PHASE_STRIP = NO;
				DEBUG_INFORMATION_FORMAT = "dwarf-with-dsym";
				ENABLE_NS_ASSERTIONS = NO;
				ENABLE_STRICT_OBJC_MSGSEND = YES;
				GCC_C_LANGUAGE_STANDARD = gnu11;
				GCC_NO_COMMON_BLOCKS = YES;
				GCC_WARN_64_TO_32_BIT_CONVERSION = YES;
				GCC_WARN_ABOUT_RETURN_TYPE = YES_ERROR;
				GCC_WARN_UNDECLARED_SELECTOR = YES;
				GCC_WARN_UNINITIALIZED_AUTOS = YES_AGGRESSIVE;
				GCC_WARN_UNUSED_FUNCTION = YES;
				GCC_WARN_UNUSED_VARIABLE = YES;
				IPHONEOS_DEPLOYMENT_TARGET = 12.0;
				MTL_ENABLE_DEBUG_INFO = NO;
				MTL_FAST_MATH = YES;
				SDKROOT = iphoneos;
				SWIFT_COMPILATION_MODE = wholemodule;
				SWIFT_OPTIMIZATION_LEVEL = "-O";
				VALIDATE_PRODUCT = YES;
			};
			name = Release;
		};
		E00A74BA215FFE990056EC40 /* Debug */ = {
			isa = XCBuildConfiguration;
			buildSettings = {
				ASSETCATALOG_COMPILER_APPICON_NAME = AppIcon;
				CODE_SIGN_STYLE = Automatic;
				DEVELOPMENT_TEAM = 27X396B26H;
				INFOPLIST_FILE = LaserHockey/Info.plist;
				IPHONEOS_DEPLOYMENT_TARGET = 11.4;
				LD_RUNPATH_SEARCH_PATHS = (
					"$(inherited)",
					"@executable_path/Frameworks",
				);
				PRODUCT_BUNDLE_IDENTIFIER = BW.LaserHockey;
				PRODUCT_NAME = "$(TARGET_NAME)";
				SWIFT_VERSION = 4.2;
				TARGETED_DEVICE_FAMILY = "1,2";
			};
			name = Debug;
		};
		E00A74BB215FFE990056EC40 /* Release */ = {
			isa = XCBuildConfiguration;
			buildSettings = {
				ASSETCATALOG_COMPILER_APPICON_NAME = AppIcon;
				CODE_SIGN_STYLE = Automatic;
				DEVELOPMENT_TEAM = 27X396B26H;
				INFOPLIST_FILE = LaserHockey/Info.plist;
				IPHONEOS_DEPLOYMENT_TARGET = 11.4;
				LD_RUNPATH_SEARCH_PATHS = (
					"$(inherited)",
					"@executable_path/Frameworks",
				);
				PRODUCT_BUNDLE_IDENTIFIER = BW.LaserHockey;
				PRODUCT_NAME = "$(TARGET_NAME)";
				SWIFT_VERSION = 4.2;
				TARGETED_DEVICE_FAMILY = "1,2";
			};
			name = Release;
		};
		E00A74BD215FFE990056EC40 /* Debug */ = {
			isa = XCBuildConfiguration;
			buildSettings = {
				ALWAYS_EMBED_SWIFT_STANDARD_LIBRARIES = YES;
				BUNDLE_LOADER = "$(TEST_HOST)";
				CODE_SIGN_STYLE = Automatic;
				INFOPLIST_FILE = LaserHockeyTests/Info.plist;
				LD_RUNPATH_SEARCH_PATHS = (
					"$(inherited)",
					"@executable_path/Frameworks",
					"@loader_path/Frameworks",
				);
				PRODUCT_BUNDLE_IDENTIFIER = BW.LaserHockeyTests;
				PRODUCT_NAME = "$(TARGET_NAME)";
				SWIFT_VERSION = 4.2;
				TARGETED_DEVICE_FAMILY = "1,2";
				TEST_HOST = "$(BUILT_PRODUCTS_DIR)/LaserHockey.app/LaserHockey";
			};
			name = Debug;
		};
		E00A74BE215FFE990056EC40 /* Release */ = {
			isa = XCBuildConfiguration;
			buildSettings = {
				ALWAYS_EMBED_SWIFT_STANDARD_LIBRARIES = YES;
				BUNDLE_LOADER = "$(TEST_HOST)";
				CODE_SIGN_STYLE = Automatic;
				INFOPLIST_FILE = LaserHockeyTests/Info.plist;
				LD_RUNPATH_SEARCH_PATHS = (
					"$(inherited)",
					"@executable_path/Frameworks",
					"@loader_path/Frameworks",
				);
				PRODUCT_BUNDLE_IDENTIFIER = BW.LaserHockeyTests;
				PRODUCT_NAME = "$(TARGET_NAME)";
				SWIFT_VERSION = 4.2;
				TARGETED_DEVICE_FAMILY = "1,2";
				TEST_HOST = "$(BUILT_PRODUCTS_DIR)/LaserHockey.app/LaserHockey";
			};
			name = Release;
		};
		E00A74C0215FFE990056EC40 /* Debug */ = {
			isa = XCBuildConfiguration;
			buildSettings = {
				ALWAYS_EMBED_SWIFT_STANDARD_LIBRARIES = YES;
				CODE_SIGN_STYLE = Automatic;
				INFOPLIST_FILE = LaserHockeyUITests/Info.plist;
				LD_RUNPATH_SEARCH_PATHS = (
					"$(inherited)",
					"@executable_path/Frameworks",
					"@loader_path/Frameworks",
				);
				PRODUCT_BUNDLE_IDENTIFIER = BW.LaserHockeyUITests;
				PRODUCT_NAME = "$(TARGET_NAME)";
				SWIFT_VERSION = 4.2;
				TARGETED_DEVICE_FAMILY = "1,2";
				TEST_TARGET_NAME = LaserHockey;
			};
			name = Debug;
		};
		E00A74C1215FFE990056EC40 /* Release */ = {
			isa = XCBuildConfiguration;
			buildSettings = {
				ALWAYS_EMBED_SWIFT_STANDARD_LIBRARIES = YES;
				CODE_SIGN_STYLE = Automatic;
				INFOPLIST_FILE = LaserHockeyUITests/Info.plist;
				LD_RUNPATH_SEARCH_PATHS = (
					"$(inherited)",
					"@executable_path/Frameworks",
					"@loader_path/Frameworks",
				);
				PRODUCT_BUNDLE_IDENTIFIER = BW.LaserHockeyUITests;
				PRODUCT_NAME = "$(TARGET_NAME)";
				SWIFT_VERSION = 4.2;
				TARGETED_DEVICE_FAMILY = "1,2";
				TEST_TARGET_NAME = LaserHockey;
			};
			name = Release;
		};
/* End XCBuildConfiguration section */

/* Begin XCConfigurationList section */
		E00A7486215FFE970056EC40 /* Build configuration list for PBXProject "LaserHockey" */ = {
			isa = XCConfigurationList;
			buildConfigurations = (
				E00A74B7215FFE990056EC40 /* Debug */,
				E00A74B8215FFE990056EC40 /* Release */,
			);
			defaultConfigurationIsVisible = 0;
			defaultConfigurationName = Release;
		};
		E00A74B9215FFE990056EC40 /* Build configuration list for PBXNativeTarget "LaserHockey" */ = {
			isa = XCConfigurationList;
			buildConfigurations = (
				E00A74BA215FFE990056EC40 /* Debug */,
				E00A74BB215FFE990056EC40 /* Release */,
			);
			defaultConfigurationIsVisible = 0;
			defaultConfigurationName = Release;
		};
		E00A74BC215FFE990056EC40 /* Build configuration list for PBXNativeTarget "LaserHockeyTests" */ = {
			isa = XCConfigurationList;
			buildConfigurations = (
				E00A74BD215FFE990056EC40 /* Debug */,
				E00A74BE215FFE990056EC40 /* Release */,
			);
			defaultConfigurationIsVisible = 0;
			defaultConfigurationName = Release;
		};
		E00A74BF215FFE990056EC40 /* Build configuration list for PBXNativeTarget "LaserHockeyUITests" */ = {
			isa = XCConfigurationList;
			buildConfigurations = (
				E00A74C0215FFE990056EC40 /* Debug */,
				E00A74C1215FFE990056EC40 /* Release */,
			);
			defaultConfigurationIsVisible = 0;
			defaultConfigurationName = Release;
		};
/* End XCConfigurationList section */
	};
	rootObject = E00A7483215FFE970056EC40 /* Project object */;
}
